
Microsoft Visual Studio Solution File, Format Version 12.00
# Visual Studio Version 17
VisualStudioVersion = 17.0.31903.59
MinimumVisualStudioVersion = 10.0.40219.1
Project("{FAE04EC0-301F-11D3-BF4B-00C04F79EFBC}") = "vjezbaPrva", "vjezbaPrva.csproj", "{492C3E38-181A-490D-AAC5-41C1FA127D5A}"
EndProject
Global
	GlobalSection(SolutionConfigurationPlatforms) = preSolution
		Debug|Any CPU = Debug|Any CPU
		Release|Any CPU = Release|Any CPU
	EndGlobalSection
	GlobalSection(ProjectConfigurationPlatforms) = postSolution
		{492C3E38-181A-490D-AAC5-41C1FA127D5A}.Debug|Any CPU.ActiveCfg = Debug|Any CPU
		{492C3E38-181A-490D-AAC5-41C1FA127D5A}.Debug|Any CPU.Build.0 = Debug|Any CPU
		{492C3E38-181A-490D-AAC5-41C1FA127D5A}.Release|Any CPU.ActiveCfg = Release|Any CPU
		{492C3E38-181A-490D-AAC5-41C1FA127D5A}.Release|Any CPU.Build.0 = Release|Any CPU
	EndGlobalSection
	GlobalSection(SolutionProperties) = preSolution
		HideSolutionNode = FALSE
	EndGlobalSection
	GlobalSection(ExtensibilityGlobals) = postSolution
		SolutionGuid = {E9902956-A9E2-4C7A-8BB6-F35153955556}
	EndGlobalSection
EndGlobal
